
Microsoft Visual Studio Solution File, Format Version 12.00
# Visual Studio Version 16
VisualStudioVersion = 16.0.29519.181
MinimumVisualStudioVersion = 10.0.40219.1
Project("{FAE04EC0-301F-11D3-BF4B-00C04F79EFBC}") = "PresentacionDataSet", "PresentacionDataSet\PresentacionDataSet.csproj", "{B6B8CF27-2F30-47C8-8343-74CCCA5ADC24}"
EndProject
Project("{FAE04EC0-301F-11D3-BF4B-00C04F79EFBC}") = "CapaDatosDSet", "CapaDatosDSet\CapaDatosDSet.csproj", "{8DDBFFD4-E9B3-4CC9-892F-206973D73A61}"
EndProject
Project("{FAE04EC0-301F-11D3-BF4B-00C04F79EFBC}") = "Entidades", "Entidades\Entidades.csproj", "{15C79B86-264D-48AB-8E7A-9116E8CABDBD}"
EndProject
Project("{2150E333-8FDC-42A3-9474-1A3956D46DE8}") = "BD", "BD", "{A4CBD9E4-7E26-4B28-8D7A-D1B73112255A}"
	ProjectSection(SolutionItems) = preProject
		BD\generarBDEstado.sql = BD\generarBDEstado.sql
		BD\insertarDatosBDEstados.sql = BD\insertarDatosBDEstados.sql
	EndProjectSection
EndProject
Global
	GlobalSection(SolutionConfigurationPlatforms) = preSolution
		Debug|Any CPU = Debug|Any CPU
		Release|Any CPU = Release|Any CPU
	EndGlobalSection
	GlobalSection(ProjectConfigurationPlatforms) = postSolution
		{B6B8CF27-2F30-47C8-8343-74CCCA5ADC24}.Debug|Any CPU.ActiveCfg = Debug|Any CPU
		{B6B8CF27-2F30-47C8-8343-74CCCA5ADC24}.Debug|Any CPU.Build.0 = Debug|Any CPU
		{B6B8CF27-2F30-47C8-8343-74CCCA5ADC24}.Release|Any CPU.ActiveCfg = Release|Any CPU
		{B6B8CF27-2F30-47C8-8343-74CCCA5ADC24}.Release|Any CPU.Build.0 = Release|Any CPU
		{8DDBFFD4-E9B3-4CC9-892F-206973D73A61}.Debug|Any CPU.ActiveCfg = Debug|Any CPU
		{8DDBFFD4-E9B3-4CC9-892F-206973D73A61}.Debug|Any CPU.Build.0 = Debug|Any CPU
		{8DDBFFD4-E9B3-4CC9-892F-206973D73A61}.Release|Any CPU.ActiveCfg = Release|Any CPU
		{8DDBFFD4-E9B3-4CC9-892F-206973D73A61}.Release|Any CPU.Build.0 = Release|Any CPU
		{15C79B86-264D-48AB-8E7A-9116E8CABDBD}.Debug|Any CPU.ActiveCfg = Debug|Any CPU
		{15C79B86-264D-48AB-8E7A-9116E8CABDBD}.Debug|Any CPU.Build.0 = Debug|Any CPU
		{15C79B86-264D-48AB-8E7A-9116E8CABDBD}.Release|Any CPU.ActiveCfg = Release|Any CPU
		{15C79B86-264D-48AB-8E7A-9116E8CABDBD}.Release|Any CPU.Build.0 = Release|Any CPU
	EndGlobalSection
	GlobalSection(SolutionProperties) = preSolution
		HideSolutionNode = FALSE
	EndGlobalSection
	GlobalSection(ExtensibilityGlobals) = postSolution
		SolutionGuid = {0E7DEF71-BFC1-4D74-AC46-174BD4C39FB9}
	EndGlobalSection
EndGlobal
